
Microsoft Visual Studio Solution File, Format Version 12.00
# Visual Studio Version 17
VisualStudioVersion = 17.14.36202.13 d17.14
MinimumVisualStudioVersion = 10.0.40219.1
Project("{FAE04EC0-301F-11D3-BF4B-00C04F79EFBC}") = "praktica1", "praktica1\praktica1.csproj", "{CC1F1AAB-5BE5-4CEA-87B9-C1ADEC28BEA2}"
EndProject
Global
	GlobalSection(SolutionConfigurationPlatforms) = preSolution
		Debug|Any CPU = Debug|Any CPU
		Release|Any CPU = Release|Any CPU
	EndGlobalSection
	GlobalSection(ProjectConfigurationPlatforms) = postSolution
		{CC1F1AAB-5BE5-4CEA-87B9-C1ADEC28BEA2}.Debug|Any CPU.ActiveCfg = Debug|Any CPU
		{CC1F1AAB-5BE5-4CEA-87B9-C1ADEC28BEA2}.Debug|Any CPU.Build.0 = Debug|Any CPU
		{CC1F1AAB-5BE5-4CEA-87B9-C1ADEC28BEA2}.Release|Any CPU.ActiveCfg = Release|Any CPU
		{CC1F1AAB-5BE5-4CEA-87B9-C1ADEC28BEA2}.Release|Any CPU.Build.0 = Release|Any CPU
	EndGlobalSection
	GlobalSection(SolutionProperties) = preSolution
		HideSolutionNode = FALSE
	EndGlobalSection
	GlobalSection(ExtensibilityGlobals) = postSolution
		SolutionGuid = {7BF29D36-0C35-4AEC-BCD6-2AC90F083487}
	EndGlobalSection
EndGlobal
